
Microsoft Visual Studio Solution File, Format Version 12.00
# Visual Studio Version 17
VisualStudioVersion = 17.11.35208.52
MinimumVisualStudioVersion = 10.0.40219.1
Project("{9A19103F-16F7-4668-BE54-9A1E7A4F7556}") = "PricingEngineApp", "PricingEngineApp.csproj", "{688663BF-642D-4115-84AC-A62FC2D46CFC}"
EndProject
Project("{FAE04EC0-301F-11D3-BF4B-00C04F79EFBC}") = "PricingEngineTests", "..\PricingEngineTests\PricingEngineTests.csproj", "{E14B080A-327E-4E24-B34E-3AE8D7A21664}"
EndProject
Global
	GlobalSection(SolutionConfigurationPlatforms) = preSolution
		Debug|Any CPU = Debug|Any CPU
		Release|Any CPU = Release|Any CPU
	EndGlobalSection
	GlobalSection(ProjectConfigurationPlatforms) = postSolution
		{688663BF-642D-4115-84AC-A62FC2D46CFC}.Debug|Any CPU.ActiveCfg = Debug|Any CPU
		{688663BF-642D-4115-84AC-A62FC2D46CFC}.Debug|Any CPU.Build.0 = Debug|Any CPU
		{688663BF-642D-4115-84AC-A62FC2D46CFC}.Release|Any CPU.ActiveCfg = Release|Any CPU
		{688663BF-642D-4115-84AC-A62FC2D46CFC}.Release|Any CPU.Build.0 = Release|Any CPU
		{E14B080A-327E-4E24-B34E-3AE8D7A21664}.Debug|Any CPU.ActiveCfg = Debug|Any CPU
		{E14B080A-327E-4E24-B34E-3AE8D7A21664}.Debug|Any CPU.Build.0 = Debug|Any CPU
		{E14B080A-327E-4E24-B34E-3AE8D7A21664}.Release|Any CPU.ActiveCfg = Release|Any CPU
		{E14B080A-327E-4E24-B34E-3AE8D7A21664}.Release|Any CPU.Build.0 = Release|Any CPU
	EndGlobalSection
	GlobalSection(SolutionProperties) = preSolution
		HideSolutionNode = FALSE
	EndGlobalSection
	GlobalSection(ExtensibilityGlobals) = postSolution
		SolutionGuid = {D881F16E-27CC-49B8-A852-CE166C8118AC}
	EndGlobalSection
EndGlobal
