
Microsoft Visual Studio Solution File, Format Version 12.00
# Visual Studio Version 17
VisualStudioVersion = 17.11.35312.102
MinimumVisualStudioVersion = 10.0.40219.1
Project("{FAE04EC0-301F-11D3-BF4B-00C04F79EFBC}") = "EventUnitTestExcercise", "EventUnitTestExcercise.csproj", "{7C21F320-EE44-4633-BDA8-1F08FDF0993C}"
EndProject
Project("{FAE04EC0-301F-11D3-BF4B-00C04F79EFBC}") = "PricingEngineTest", "..\PricingEngineTest\PricingEngineTest.csproj", "{3F7A7849-7CE9-467A-A4A5-EA0E9D31DF2D}"
EndProject
Global
	GlobalSection(SolutionConfigurationPlatforms) = preSolution
		Debug|Any CPU = Debug|Any CPU
		Release|Any CPU = Release|Any CPU
	EndGlobalSection
	GlobalSection(ProjectConfigurationPlatforms) = postSolution
		{7C21F320-EE44-4633-BDA8-1F08FDF0993C}.Debug|Any CPU.ActiveCfg = Debug|Any CPU
		{7C21F320-EE44-4633-BDA8-1F08FDF0993C}.Debug|Any CPU.Build.0 = Debug|Any CPU
		{7C21F320-EE44-4633-BDA8-1F08FDF0993C}.Release|Any CPU.ActiveCfg = Release|Any CPU
		{7C21F320-EE44-4633-BDA8-1F08FDF0993C}.Release|Any CPU.Build.0 = Release|Any CPU
		{3F7A7849-7CE9-467A-A4A5-EA0E9D31DF2D}.Debug|Any CPU.ActiveCfg = Debug|Any CPU
		{3F7A7849-7CE9-467A-A4A5-EA0E9D31DF2D}.Debug|Any CPU.Build.0 = Debug|Any CPU
		{3F7A7849-7CE9-467A-A4A5-EA0E9D31DF2D}.Release|Any CPU.ActiveCfg = Release|Any CPU
		{3F7A7849-7CE9-467A-A4A5-EA0E9D31DF2D}.Release|Any CPU.Build.0 = Release|Any CPU
	EndGlobalSection
	GlobalSection(SolutionProperties) = preSolution
		HideSolutionNode = FALSE
	EndGlobalSection
	GlobalSection(ExtensibilityGlobals) = postSolution
		SolutionGuid = {DE56B6DE-10A6-4BA9-847C-307491FEE97D}
	EndGlobalSection
EndGlobal
