
Microsoft Visual Studio Solution File, Format Version 12.00
# Visual Studio Version 17
VisualStudioVersion = 17.11.35208.52
MinimumVisualStudioVersion = 10.0.40219.1
Project("{FAE04EC0-301F-11D3-BF4B-00C04F79EFBC}") = "Bank", "Bank.csproj", "{7414B351-A1A3-4A3D-B3B8-51A1B3BDB657}"
EndProject
Project("{FAE04EC0-301F-11D3-BF4B-00C04F79EFBC}") = "BankTests", "..\BankTests\BankTests.csproj", "{449D752D-9DA1-443C-9FEF-F27420403C1D}"
EndProject
Global
	GlobalSection(SolutionConfigurationPlatforms) = preSolution
		Debug|Any CPU = Debug|Any CPU
		Release|Any CPU = Release|Any CPU
	EndGlobalSection
	GlobalSection(ProjectConfigurationPlatforms) = postSolution
		{7414B351-A1A3-4A3D-B3B8-51A1B3BDB657}.Debug|Any CPU.ActiveCfg = Debug|Any CPU
		{7414B351-A1A3-4A3D-B3B8-51A1B3BDB657}.Debug|Any CPU.Build.0 = Debug|Any CPU
		{7414B351-A1A3-4A3D-B3B8-51A1B3BDB657}.Release|Any CPU.ActiveCfg = Release|Any CPU
		{7414B351-A1A3-4A3D-B3B8-51A1B3BDB657}.Release|Any CPU.Build.0 = Release|Any CPU
		{449D752D-9DA1-443C-9FEF-F27420403C1D}.Debug|Any CPU.ActiveCfg = Debug|Any CPU
		{449D752D-9DA1-443C-9FEF-F27420403C1D}.Debug|Any CPU.Build.0 = Debug|Any CPU
		{449D752D-9DA1-443C-9FEF-F27420403C1D}.Release|Any CPU.ActiveCfg = Release|Any CPU
		{449D752D-9DA1-443C-9FEF-F27420403C1D}.Release|Any CPU.Build.0 = Release|Any CPU
	EndGlobalSection
	GlobalSection(SolutionProperties) = preSolution
		HideSolutionNode = FALSE
	EndGlobalSection
	GlobalSection(ExtensibilityGlobals) = postSolution
		SolutionGuid = {19F844AF-FE60-411C-A2D3-8EA7BA928697}
	EndGlobalSection
EndGlobal
